
Microsoft Visual Studio Solution File, Format Version 12.00
# Visual Studio Version 17
VisualStudioVersion = 17.7.34024.191
MinimumVisualStudioVersion = 10.0.40219.1
Project("{FAE04EC0-301F-11D3-BF4B-00C04F79EFBC}") = "BuildRestrictionTweaksSync", "BuildRestrictionTweaksSync.csproj", "{77E8C4B1-59C9-47E4-A5E5-2B9F320132DF}"
EndProject
Global
	GlobalSection(SolutionConfigurationPlatforms) = preSolution
		Debug|Any CPU = Debug|Any CPU
		Release|Any CPU = Release|Any CPU
	EndGlobalSection
	GlobalSection(ProjectConfigurationPlatforms) = postSolution
		{77E8C4B1-59C9-47E4-A5E5-2B9F320132DF}.Debug|Any CPU.ActiveCfg = Debug|Any CPU
		{77E8C4B1-59C9-47E4-A5E5-2B9F320132DF}.Debug|Any CPU.Build.0 = Debug|Any CPU
		{77E8C4B1-59C9-47E4-A5E5-2B9F320132DF}.Release|Any CPU.ActiveCfg = Release|Any CPU
		{77E8C4B1-59C9-47E4-A5E5-2B9F320132DF}.Release|Any CPU.Build.0 = Release|Any CPU
	EndGlobalSection
	GlobalSection(SolutionProperties) = preSolution
		HideSolutionNode = FALSE
	EndGlobalSection
	GlobalSection(ExtensibilityGlobals) = postSolution
		SolutionGuid = {2348E3FC-0F07-44BB-BB1B-15CC594DD793}
	EndGlobalSection
EndGlobal
